
Microsoft Visual Studio Solution File, Format Version 12.00
# Visual Studio Version 17
VisualStudioVersion = 17.5.33424.131
MinimumVisualStudioVersion = 10.0.40219.1
Project("{FAE04EC0-301F-11D3-BF4B-00C04F79EFBC}") = "blabla-delete", "blabla-delete\blabla-delete.csproj", "{3DD4EE3D-F643-4F49-A165-80CC07F8ABA3}"
EndProject
Global
	GlobalSection(SolutionConfigurationPlatforms) = preSolution
		Debug|Any CPU = Debug|Any CPU
		Release|Any CPU = Release|Any CPU
	EndGlobalSection
	GlobalSection(ProjectConfigurationPlatforms) = postSolution
		{3DD4EE3D-F643-4F49-A165-80CC07F8ABA3}.Debug|Any CPU.ActiveCfg = Debug|Any CPU
		{3DD4EE3D-F643-4F49-A165-80CC07F8ABA3}.Debug|Any CPU.Build.0 = Debug|Any CPU
		{3DD4EE3D-F643-4F49-A165-80CC07F8ABA3}.Release|Any CPU.ActiveCfg = Release|Any CPU
		{3DD4EE3D-F643-4F49-A165-80CC07F8ABA3}.Release|Any CPU.Build.0 = Release|Any CPU
	EndGlobalSection
	GlobalSection(SolutionProperties) = preSolution
		HideSolutionNode = FALSE
	EndGlobalSection
	GlobalSection(ExtensibilityGlobals) = postSolution
		SolutionGuid = {94A13DDB-1319-440A-8E90-79C6924740A5}
	EndGlobalSection
EndGlobal
